
Microsoft Visual Studio Solution File, Format Version 12.00
# Visual Studio Version 16
VisualStudioVersion = 16.0.30204.135
MinimumVisualStudioVersion = 15.0.26124.0
Project("{9A19103F-16F7-4668-BE54-9A1E7A4F7556}") = "1.Student System", "1.Student System\1.Student System.csproj", "{65062B8C-3285-4DFE-A14F-4856F0F3AEF1}"
EndProject
Project("{9A19103F-16F7-4668-BE54-9A1E7A4F7556}") = "P03_FootballBetting", "2.Football Betting\P03_FootballBetting.csproj", "{38F2A7F8-5A22-4EA7-A6D6-CFEE8EF51F9F}"
EndProject
Project("{FAE04EC0-301F-11D3-BF4B-00C04F79EFBC}") = "P03_FootballBetting.Data", "P03_FootballBetting.Data\P03_FootballBetting.Data.csproj", "{A8171823-6B5B-4BBF-AF02-96BF461588A7}"
EndProject
Project("{FAE04EC0-301F-11D3-BF4B-00C04F79EFBC}") = "P03_FootballBetting.Data.Models", "P03_FootballBetting.Data.Models\P03_FootballBetting.Data.Models.csproj", "{B46811E8-7261-4011-944D-AFB12923C058}"
EndProject
Global
	GlobalSection(SolutionConfigurationPlatforms) = preSolution
		Debug|Any CPU = Debug|Any CPU
		Debug|x64 = Debug|x64
		Debug|x86 = Debug|x86
		Release|Any CPU = Release|Any CPU
		Release|x64 = Release|x64
		Release|x86 = Release|x86
	EndGlobalSection
	GlobalSection(ProjectConfigurationPlatforms) = postSolution
		{65062B8C-3285-4DFE-A14F-4856F0F3AEF1}.Debug|Any CPU.ActiveCfg = Debug|Any CPU
		{65062B8C-3285-4DFE-A14F-4856F0F3AEF1}.Debug|Any CPU.Build.0 = Debug|Any CPU
		{65062B8C-3285-4DFE-A14F-4856F0F3AEF1}.Debug|x64.ActiveCfg = Debug|Any CPU
		{65062B8C-3285-4DFE-A14F-4856F0F3AEF1}.Debug|x64.Build.0 = Debug|Any CPU
		{65062B8C-3285-4DFE-A14F-4856F0F3AEF1}.Debug|x86.ActiveCfg = Debug|Any CPU
		{65062B8C-3285-4DFE-A14F-4856F0F3AEF1}.Debug|x86.Build.0 = Debug|Any CPU
		{65062B8C-3285-4DFE-A14F-4856F0F3AEF1}.Release|Any CPU.ActiveCfg = Release|Any CPU
		{65062B8C-3285-4DFE-A14F-4856F0F3AEF1}.Release|Any CPU.Build.0 = Release|Any CPU
		{65062B8C-3285-4DFE-A14F-4856F0F3AEF1}.Release|x64.ActiveCfg = Release|Any CPU
		{65062B8C-3285-4DFE-A14F-4856F0F3AEF1}.Release|x64.Build.0 = Release|Any CPU
		{65062B8C-3285-4DFE-A14F-4856F0F3AEF1}.Release|x86.ActiveCfg = Release|Any CPU
		{65062B8C-3285-4DFE-A14F-4856F0F3AEF1}.Release|x86.Build.0 = Release|Any CPU
		{38F2A7F8-5A22-4EA7-A6D6-CFEE8EF51F9F}.Debug|Any CPU.ActiveCfg = Debug|Any CPU
		{38F2A7F8-5A22-4EA7-A6D6-CFEE8EF51F9F}.Debug|Any CPU.Build.0 = Debug|Any CPU
		{38F2A7F8-5A22-4EA7-A6D6-CFEE8EF51F9F}.Debug|x64.ActiveCfg = Debug|Any CPU
		{38F2A7F8-5A22-4EA7-A6D6-CFEE8EF51F9F}.Debug|x64.Build.0 = Debug|Any CPU
		{38F2A7F8-5A22-4EA7-A6D6-CFEE8EF51F9F}.Debug|x86.ActiveCfg = Debug|Any CPU
		{38F2A7F8-5A22-4EA7-A6D6-CFEE8EF51F9F}.Debug|x86.Build.0 = Debug|Any CPU
		{38F2A7F8-5A22-4EA7-A6D6-CFEE8EF51F9F}.Release|Any CPU.ActiveCfg = Release|Any CPU
		{38F2A7F8-5A22-4EA7-A6D6-CFEE8EF51F9F}.Release|Any CPU.Build.0 = Release|Any CPU
		{38F2A7F8-5A22-4EA7-A6D6-CFEE8EF51F9F}.Release|x64.ActiveCfg = Release|Any CPU
		{38F2A7F8-5A22-4EA7-A6D6-CFEE8EF51F9F}.Release|x64.Build.0 = Release|Any CPU
		{38F2A7F8-5A22-4EA7-A6D6-CFEE8EF51F9F}.Release|x86.ActiveCfg = Release|Any CPU
		{38F2A7F8-5A22-4EA7-A6D6-CFEE8EF51F9F}.Release|x86.Build.0 = Release|Any CPU
		{A8171823-6B5B-4BBF-AF02-96BF461588A7}.Debug|Any CPU.ActiveCfg = Debug|Any CPU
		{A8171823-6B5B-4BBF-AF02-96BF461588A7}.Debug|Any CPU.Build.0 = Debug|Any CPU
		{A8171823-6B5B-4BBF-AF02-96BF461588A7}.Debug|x64.ActiveCfg = Debug|Any CPU
		{A8171823-6B5B-4BBF-AF02-96BF461588A7}.Debug|x64.Build.0 = Debug|Any CPU
		{A8171823-6B5B-4BBF-AF02-96BF461588A7}.Debug|x86.ActiveCfg = Debug|Any CPU
		{A8171823-6B5B-4BBF-AF02-96BF461588A7}.Debug|x86.Build.0 = Debug|Any CPU
		{A8171823-6B5B-4BBF-AF02-96BF461588A7}.Release|Any CPU.ActiveCfg = Release|Any CPU
		{A8171823-6B5B-4BBF-AF02-96BF461588A7}.Release|Any CPU.Build.0 = Release|Any CPU
		{A8171823-6B5B-4BBF-AF02-96BF461588A7}.Release|x64.ActiveCfg = Release|Any CPU
		{A8171823-6B5B-4BBF-AF02-96BF461588A7}.Release|x64.Build.0 = Release|Any CPU
		{A8171823-6B5B-4BBF-AF02-96BF461588A7}.Release|x86.ActiveCfg = Release|Any CPU
		{A8171823-6B5B-4BBF-AF02-96BF461588A7}.Release|x86.Build.0 = Release|Any CPU
		{B46811E8-7261-4011-944D-AFB12923C058}.Debug|Any CPU.ActiveCfg = Debug|Any CPU
		{B46811E8-7261-4011-944D-AFB12923C058}.Debug|Any CPU.Build.0 = Debug|Any CPU
		{B46811E8-7261-4011-944D-AFB12923C058}.Debug|x64.ActiveCfg = Debug|Any CPU
		{B46811E8-7261-4011-944D-AFB12923C058}.Debug|x64.Build.0 = Debug|Any CPU
		{B46811E8-7261-4011-944D-AFB12923C058}.Debug|x86.ActiveCfg = Debug|Any CPU
		{B46811E8-7261-4011-944D-AFB12923C058}.Debug|x86.Build.0 = Debug|Any CPU
		{B46811E8-7261-4011-944D-AFB12923C058}.Release|Any CPU.ActiveCfg = Release|Any CPU
		{B46811E8-7261-4011-944D-AFB12923C058}.Release|Any CPU.Build.0 = Release|Any CPU
		{B46811E8-7261-4011-944D-AFB12923C058}.Release|x64.ActiveCfg = Release|Any CPU
		{B46811E8-7261-4011-944D-AFB12923C058}.Release|x64.Build.0 = Release|Any CPU
		{B46811E8-7261-4011-944D-AFB12923C058}.Release|x86.ActiveCfg = Release|Any CPU
		{B46811E8-7261-4011-944D-AFB12923C058}.Release|x86.Build.0 = Release|Any CPU
	EndGlobalSection
	GlobalSection(SolutionProperties) = preSolution
		HideSolutionNode = FALSE
	EndGlobalSection
	GlobalSection(ExtensibilityGlobals) = postSolution
		SolutionGuid = {70EFC6EA-928F-4AD5-B31A-945BE2A5C1BA}
	EndGlobalSection
EndGlobal
